{
  "name": "ajs-node",
  "version": "1.0.0",
  "lockfileVersion": 2,
  "requires": true,
  "packages": {
    "": {
      "name": "ajs-node",
      "version": "1.0.0",
      "license": "ISC",
      "dependencies": {
        "@alexeykur/ajs": "^1.0.0"
      }
    },
    "node_modules/@alexeykur/ajs": {
      "version": "1.0.0",
      "resolved": "https://npm.pkg.github.com/download/@alexeykur/ajs/1.0.0/70241a4f36e6f06b892fb2e35132804cbd4e6f7b9ff393227e9bd278d6c0398f",
      "integrity": "sha512-j4vPfs7cT9/MjOipglk+RYcBs2VbWvScAha/EVod1SDhIXO9p/IaBgNoVmXamzCS1mTiydv4hDPSk0DJenrdMQ==",
      "license": "ISC",
      "dependencies": {
        "core-js": "^3.22.8"
      }
    },
    "node_modules/core-js": {
      "version": "3.22.8",
      "resolved": "https://registry.npmjs.org/core-js/-/core-js-3.22.8.tgz",
      "integrity": "sha512-UoGQ/cfzGYIuiq6Z7vWL1HfkE9U9IZ4Ub+0XSiJTCzvbZzgPA69oDF2f+lgJ6dFFLEdjW5O6svvoKzXX23xFkA==",
      "hasInstallScript": true,
      "funding": {
        "type": "opencollective",
        "url": "https://opencollective.com/core-js"
      }
    }
  },
  "dependencies": {
    "@alexeykur/ajs": {
      "version": "1.0.0",
      "resolved": "https://npm.pkg.github.com/download/@alexeykur/ajs/1.0.0/70241a4f36e6f06b892fb2e35132804cbd4e6f7b9ff393227e9bd278d6c0398f",
      "integrity": "sha512-j4vPfs7cT9/MjOipglk+RYcBs2VbWvScAha/EVod1SDhIXO9p/IaBgNoVmXamzCS1mTiydv4hDPSk0DJenrdMQ==",
      "requires": {
        "core-js": "^3.22.8"
      }
    },
    "core-js": {
      "version": "3.22.8",
      "resolved": "https://registry.npmjs.org/core-js/-/core-js-3.22.8.tgz",
      "integrity": "sha512-UoGQ/cfzGYIuiq6Z7vWL1HfkE9U9IZ4Ub+0XSiJTCzvbZzgPA69oDF2f+lgJ6dFFLEdjW5O6svvoKzXX23xFkA=="
    }
  }
}
